
Microsoft Visual Studio Solution File, Format Version 12.00
# Visual Studio Version 16
VisualStudioVersion = 16.0.29424.173
MinimumVisualStudioVersion = 10.0.40219.1
Project("{FAE04EC0-301F-11D3-BF4B-00C04F79EFBC}") = "week7ex8", "week7ex8\week7ex8.csproj", "{CA886C8E-4E45-41B0-BEFC-96A30469F733}"
EndProject
Global
	GlobalSection(SolutionConfigurationPlatforms) = preSolution
		Debug|Any CPU = Debug|Any CPU
		Release|Any CPU = Release|Any CPU
	EndGlobalSection
	GlobalSection(ProjectConfigurationPlatforms) = postSolution
		{CA886C8E-4E45-41B0-BEFC-96A30469F733}.Debug|Any CPU.ActiveCfg = Debug|Any CPU
		{CA886C8E-4E45-41B0-BEFC-96A30469F733}.Debug|Any CPU.Build.0 = Debug|Any CPU
		{CA886C8E-4E45-41B0-BEFC-96A30469F733}.Release|Any CPU.ActiveCfg = Release|Any CPU
		{CA886C8E-4E45-41B0-BEFC-96A30469F733}.Release|Any CPU.Build.0 = Release|Any CPU
	EndGlobalSection
	GlobalSection(SolutionProperties) = preSolution
		HideSolutionNode = FALSE
	EndGlobalSection
	GlobalSection(ExtensibilityGlobals) = postSolution
		SolutionGuid = {B5D858D3-CA0C-40A3-88CC-3544AB008AAE}
	EndGlobalSection
EndGlobal
